
Microsoft Visual Studio Solution File, Format Version 12.00
Project("{FAE04EC0-301F-11D3-BF4B-00C04F79EFBC}") = "SDMCompulsoryTDD", "SDMCompulsoryTDD\SDMCompulsoryTDD.csproj", "{ECD7F329-6563-47E3-8444-5049F3331699}"
EndProject
Project("{FAE04EC0-301F-11D3-BF4B-00C04F79EFBC}") = "SDMCompulsoryTDDTest", "SDMCompulsoryTDDTest\SDMCompulsoryTDDTest.csproj", "{DC4393C6-553D-473A-9166-BE08E5507902}"
EndProject
Global
	GlobalSection(SolutionConfigurationPlatforms) = preSolution
		Debug|Any CPU = Debug|Any CPU
		Release|Any CPU = Release|Any CPU
	EndGlobalSection
	GlobalSection(ProjectConfigurationPlatforms) = postSolution
		{ECD7F329-6563-47E3-8444-5049F3331699}.Debug|Any CPU.ActiveCfg = Debug|Any CPU
		{ECD7F329-6563-47E3-8444-5049F3331699}.Debug|Any CPU.Build.0 = Debug|Any CPU
		{ECD7F329-6563-47E3-8444-5049F3331699}.Release|Any CPU.ActiveCfg = Release|Any CPU
		{ECD7F329-6563-47E3-8444-5049F3331699}.Release|Any CPU.Build.0 = Release|Any CPU
		{DC4393C6-553D-473A-9166-BE08E5507902}.Debug|Any CPU.ActiveCfg = Debug|Any CPU
		{DC4393C6-553D-473A-9166-BE08E5507902}.Debug|Any CPU.Build.0 = Debug|Any CPU
		{DC4393C6-553D-473A-9166-BE08E5507902}.Release|Any CPU.ActiveCfg = Release|Any CPU
		{DC4393C6-553D-473A-9166-BE08E5507902}.Release|Any CPU.Build.0 = Release|Any CPU
	EndGlobalSection
EndGlobal
